
Microsoft Visual Studio Solution File, Format Version 12.00
# Visual Studio Version 16
VisualStudioVersion = 16.0.30011.22
MinimumVisualStudioVersion = 10.0.40219.1
Project("{FAE04EC0-301F-11D3-BF4B-00C04F79EFBC}") = "AspNetCoreFundamentals_Coursework", "AspNetCoreFundamentals_Coursework\AspNetCoreFundamentals_Coursework.csproj", "{01E00D4B-4C14-4DC0-9829-2EDDFA20A499}"
EndProject
Global
	GlobalSection(SolutionConfigurationPlatforms) = preSolution
		Debug|Any CPU = Debug|Any CPU
		Release|Any CPU = Release|Any CPU
	EndGlobalSection
	GlobalSection(ProjectConfigurationPlatforms) = postSolution
		{01E00D4B-4C14-4DC0-9829-2EDDFA20A499}.Debug|Any CPU.ActiveCfg = Debug|Any CPU
		{01E00D4B-4C14-4DC0-9829-2EDDFA20A499}.Debug|Any CPU.Build.0 = Debug|Any CPU
		{01E00D4B-4C14-4DC0-9829-2EDDFA20A499}.Release|Any CPU.ActiveCfg = Release|Any CPU
		{01E00D4B-4C14-4DC0-9829-2EDDFA20A499}.Release|Any CPU.Build.0 = Release|Any CPU
	EndGlobalSection
	GlobalSection(SolutionProperties) = preSolution
		HideSolutionNode = FALSE
	EndGlobalSection
	GlobalSection(ExtensibilityGlobals) = postSolution
		SolutionGuid = {59B8AECF-2417-4C54-B180-39C36AA13E5D}
	EndGlobalSection
EndGlobal
